// !$*UTF8*$!
{
	archiveVersion = 1;
	classes = {
	};
	objectVersion = 55;
	objects = {

/* Begin PBXBuildFile section */
		7F09C0D52768CD4C0066438D /* DreamOperationApp.swift in Sources */ = {isa = PBXBuildFile; fileRef = 7F09C0D42768CD4C0066438D /* DreamOperationApp.swift */; };
		7F09C0D92768CD510066438D /* Assets.xcassets in Resources */ = {isa = PBXBuildFile; fileRef = 7F09C0D82768CD510066438D /* Assets.xcassets */; };
		7F09C0DC2768CD510066438D /* Preview Assets.xcassets in Resources */ = {isa = PBXBuildFile; fileRef = 7F09C0DB2768CD510066438D /* Preview Assets.xcassets */; };
		7F09C0E32768CDBA0066438D /* DisplayView.swift in Sources */ = {isa = PBXBuildFile; fileRef = 7F09C0E22768CDBA0066438D /* DisplayView.swift */; };
		7F09C0E52768CDED0066438D /* OpeningView.swift in Sources */ = {isa = PBXBuildFile; fileRef = 7F09C0E42768CDED0066438D /* OpeningView.swift */; };
		7F09C0E72768CE040066438D /* SettingView.swift in Sources */ = {isa = PBXBuildFile; fileRef = 7F09C0E62768CE040066438D /* SettingView.swift */; };
		7F09C0E92768CE1C0066438D /* PlayView.swift in Sources */ = {isa = PBXBuildFile; fileRef = 7F09C0E82768CE1C0066438D /* PlayView.swift */; };
		7F09C0EB2768CE450066438D /* LogicBox.swift in Sources */ = {isa = PBXBuildFile; fileRef = 7F09C0EA2768CE450066438D /* LogicBox.swift */; };
		7F09C0ED2768CE940066438D /* UIView.swift in Sources */ = {isa = PBXBuildFile; fileRef = 7F09C0EC2768CE940066438D /* UIView.swift */; };
		7F09C0EF2768E2370066438D /* ViewBox.swift in Sources */ = {isa = PBXBuildFile; fileRef = 7F09C0EE2768E2370066438D /* ViewBox.swift */; };
/* End PBXBuildFile section */

/* Begin PBXFileReference section */
		7F09C0D12768CD4C0066438D /* DreamOperation.app */ = {isa = PBXFileReference; explicitFileType = wrapper.application; includeInIndex = 0; path = DreamOperation.app; sourceTree = BUILT_PRODUCTS_DIR; };
		7F09C0D42768CD4C0066438D /* DreamOperationApp.swift */ = {isa = PBXFileReference; lastKnownFileType = sourcecode.swift; path = DreamOperationApp.swift; sourceTree = "<group>"; };
		7F09C0D82768CD510066438D /* Assets.xcassets */ = {isa = PBXFileReference; lastKnownFileType = folder.assetcatalog; path = Assets.xcassets; sourceTree = "<group>"; };
		7F09C0DB2768CD510066438D /* Preview Assets.xcassets */ = {isa = PBXFileReference; lastKnownFileType = folder.assetcatalog; path = "Preview Assets.xcassets"; sourceTree = "<group>"; };
		7F09C0E22768CDBA0066438D /* DisplayView.swift */ = {isa = PBXFileReference; lastKnownFileType = sourcecode.swift; path = DisplayView.swift; sourceTree = "<group>"; };
		7F09C0E42768CDED0066438D /* OpeningView.swift */ = {isa = PBXFileReference; lastKnownFileType = sourcecode.swift; path = OpeningView.swift; sourceTree = "<group>"; };
		7F09C0E62768CE040066438D /* SettingView.swift */ = {isa = PBXFileReference; lastKnownFileType = sourcecode.swift; path = SettingView.swift; sourceTree = "<group>"; };
		7F09C0E82768CE1C0066438D /* PlayView.swift */ = {isa = PBXFileReference; lastKnownFileType = sourcecode.swift; path = PlayView.swift; sourceTree = "<group>"; };
		7F09C0EA2768CE450066438D /* LogicBox.swift */ = {isa = PBXFileReference; lastKnownFileType = sourcecode.swift; path = LogicBox.swift; sourceTree = "<group>"; };
		7F09C0EC2768CE940066438D /* UIView.swift */ = {isa = PBXFileReference; lastKnownFileType = sourcecode.swift; path = UIView.swift; sourceTree = "<group>"; };
		7F09C0EE2768E2370066438D /* ViewBox.swift */ = {isa = PBXFileReference; lastKnownFileType = sourcecode.swift; path = ViewBox.swift; sourceTree = "<group>"; };
/* End PBXFileReference section */

/* Begin PBXFrameworksBuildPhase section */
		7F09C0CE2768CD4C0066438D /* Frameworks */ = {
			isa = PBXFrameworksBuildPhase;
			buildActionMask = 2147483647;
			files = (
			);
			runOnlyForDeploymentPostprocessing = 0;
		};
/* End PBXFrameworksBuildPhase section */

/* Begin PBXGroup section */
		7F09C0C82768CD4C0066438D = {
			isa = PBXGroup;
			children = (
				7F09C0D32768CD4C0066438D /* DreamOperation */,
				7F09C0D22768CD4C0066438D /* Products */,
			);
			sourceTree = "<group>";
		};
		7F09C0D22768CD4C0066438D /* Products */ = {
			isa = PBXGroup;
			children = (
				7F09C0D12768CD4C0066438D /* DreamOperation.app */,
			);
			name = Products;
			sourceTree = "<group>";
		};
		7F09C0D32768CD4C0066438D /* DreamOperation */ = {
			isa = PBXGroup;
			children = (
				7F09C0D42768CD4C0066438D /* DreamOperationApp.swift */,
				7F09C0E22768CDBA0066438D /* DisplayView.swift */,
				7F09C0EC2768CE940066438D /* UIView.swift */,
				7F09C0E42768CDED0066438D /* OpeningView.swift */,
				7F09C0E62768CE040066438D /* SettingView.swift */,
				7F09C0E82768CE1C0066438D /* PlayView.swift */,
				7F09C0EE2768E2370066438D /* ViewBox.swift */,
				7F09C0EA2768CE450066438D /* LogicBox.swift */,
				7F09C0D82768CD510066438D /* Assets.xcassets */,
				7F09C0DA2768CD510066438D /* Preview Content */,
			);
			path = DreamOperation;
			sourceTree = "<group>";
		};
		7F09C0DA2768CD510066438D /* Preview Content */ = {
			isa = PBXGroup;
			children = (
				7F09C0DB2768CD510066438D /* Preview Assets.xcassets */,
			);
			path = "Preview Content";
			sourceTree = "<group>";
		};
/* End PBXGroup section */

/* Begin PBXNativeTarget section */
		7F09C0D02768CD4C0066438D /* DreamOperation */ = {
			isa = PBXNativeTarget;
			buildConfigurationList = 7F09C0DF2768CD510066438D /* Build configuration list for PBXNativeTarget "DreamOperation" */;
			buildPhases = (
				7F09C0CD2768CD4C0066438D /* Sources */,
				7F09C0CE2768CD4C0066438D /* Frameworks */,
				7F09C0CF2768CD4C0066438D /* Resources */,
			);
			buildRules = (
			);
			dependencies = (
			);
			name = DreamOperation;
			productName = DreamOperation;
			productReference = 7F09C0D12768CD4C0066438D /* DreamOperation.app */;
			productType = "com.apple.product-type.application";
		};
/* End PBXNativeTarget section */

/* Begin PBXProject section */
		7F09C0C92768CD4C0066438D /* Project object */ = {
			isa = PBXProject;
			attributes = {
				BuildIndependentTargetsInParallel = 1;
				LastSwiftUpdateCheck = 1300;
				LastUpgradeCheck = 1300;
				TargetAttributes = {
					7F09C0D02768CD4C0066438D = {
						CreatedOnToolsVersion = 13.0;
					};
				};
			};
			buildConfigurationList = 7F09C0CC2768CD4C0066438D /* Build configuration list for PBXProject "DreamOperation" */;
			compatibilityVersion = "Xcode 13.0";
			developmentRegion = en;
			hasScannedForEncodings = 0;
			knownRegions = (
				en,
				Base,
			);
			mainGroup = 7F09C0C82768CD4C0066438D;
			productRefGroup = 7F09C0D22768CD4C0066438D /* Products */;
			projectDirPath = "";
			projectRoot = "";
			targets = (
				7F09C0D02768CD4C0066438D /* DreamOperation */,
			);
		};
/* End PBXProject section */

/* Begin PBXResourcesBuildPhase section */
		7F09C0CF2768CD4C0066438D /* Resources */ = {
			isa = PBXResourcesBuildPhase;
			buildActionMask = 2147483647;
			files = (
				7F09C0DC2768CD510066438D /* Preview Assets.xcassets in Resources */,
				7F09C0D92768CD510066438D /* Assets.xcassets in Resources */,
			);
			runOnlyForDeploymentPostprocessing = 0;
		};
/* End PBXResourcesBuildPhase section */

/* Begin PBXSourcesBuildPhase section */
		7F09C0CD2768CD4C0066438D /* Sources */ = {
			isa = PBXSourcesBuildPhase;
			buildActionMask = 2147483647;
			files = (
				7F09C0EB2768CE450066438D /* LogicBox.swift in Sources */,
				7F09C0E32768CDBA0066438D /* DisplayView.swift in Sources */,
				7F09C0E72768CE040066438D /* SettingView.swift in Sources */,
				7F09C0ED2768CE940066438D /* UIView.swift in Sources */,
				7F09C0EF2768E2370066438D /* ViewBox.swift in Sources */,
				7F09C0D52768CD4C0066438D /* DreamOperationApp.swift in Sources */,
				7F09C0E92768CE1C0066438D /* PlayView.swift in Sources */,
				7F09C0E52768CDED0066438D /* OpeningView.swift in Sources */,
			);
			runOnlyForDeploymentPostprocessing = 0;
		};
/* End PBXSourcesBuildPhase section */

/* Begin XCBuildConfiguration section */
		7F09C0DD2768CD510066438D /* Debug */ = {
			isa = XCBuildConfiguration;
			buildSettings = {
				ALWAYS_SEARCH_USER_PATHS = NO;
				CLANG_ANALYZER_NONNULL = YES;
				CLANG_ANALYZER_NUMBER_OBJECT_CONVERSION = YES_AGGRESSIVE;
				CLANG_CXX_LANGUAGE_STANDARD = "gnu++17";
				CLANG_CXX_LIBRARY = "libc++";
				CLANG_ENABLE_MODULES = YES;
				CLANG_ENABLE_OBJC_ARC = YES;
				CLANG_ENABLE_OBJC_WEAK = YES;
				CLANG_WARN_BLOCK_CAPTURE_AUTORELEASING = YES;
				CLANG_WARN_BOOL_CONVERSION = YES;
				CLANG_WARN_COMMA = YES;
				CLANG_WARN_CONSTANT_CONVERSION = YES;
				CLANG_WARN_DEPRECATED_OBJC_IMPLEMENTATIONS = YES;
				CLANG_WARN_DIRECT_OBJC_ISA_USAGE = YES_ERROR;
				CLANG_WARN_DOCUMENTATION_COMMENTS = YES;
				CLANG_WARN_EMPTY_BODY = YES;
				CLANG_WARN_ENUM_CONVERSION = YES;
				CLANG_WARN_INFINITE_RECURSION = YES;
				CLANG_WARN_INT_CONVERSION = YES;
				CLANG_WARN_NON_LITERAL_NULL_CONVERSION = YES;
				CLANG_WARN_OBJC_IMPLICIT_RETAIN_SELF = YES;
				CLANG_WARN_OBJC_LITERAL_CONVERSION = YES;
				CLANG_WARN_OBJC_ROOT_CLASS = YES_ERROR;
				CLANG_WARN_QUOTED_INCLUDE_IN_FRAMEWORK_HEADER = YES;
				CLANG_WARN_RANGE_LOOP_ANALYSIS = YES;
				CLANG_WARN_STRICT_PROTOTYPES = YES;
				CLANG_WARN_SUSPICIOUS_MOVE = YES;
				CLANG_WARN_UNGUARDED_AVAILABILITY = YES_AGGRESSIVE;
				CLANG_WARN_UNREACHABLE_CODE = YES;
				CLANG_WARN__DUPLICATE_METHOD_MATCH = YES;
				COPY_PHASE_STRIP = NO;
				DEBUG_INFORMATION_FORMAT = dwarf;
				ENABLE_STRICT_OBJC_MSGSEND = YES;
				ENABLE_TESTABILITY = YES;
				GCC_C_LANGUAGE_STANDARD = gnu11;
				GCC_DYNAMIC_NO_PIC = NO;
				GCC_NO_COMMON_BLOCKS = YES;
				GCC_OPTIMIZATION_LEVEL = 0;
				GCC_PREPROCESSOR_DEFINITIONS = (
					"DEBUG=1",
					"$(inherited)",
				);
				GCC_WARN_64_TO_32_BIT_CONVERSION = YES;
				GCC_WARN_ABOUT_RETURN_TYPE = YES_ERROR;
				GCC_WARN_UNDECLARED_SELECTOR = YES;
				GCC_WARN_UNINITIALIZED_AUTOS = YES_AGGRESSIVE;
				GCC_WARN_UNUSED_FUNCTION = YES;
				GCC_WARN_UNUSED_VARIABLE = YES;
				IPHONEOS_DEPLOYMENT_TARGET = 15.0;
				MTL_ENABLE_DEBUG_INFO = INCLUDE_SOURCE;
				MTL_FAST_MATH = YES;
				ONLY_ACTIVE_ARCH = YES;
				SDKROOT = iphoneos;
				SWIFT_ACTIVE_COMPILATION_CONDITIONS = DEBUG;
				SWIFT_OPTIMIZATION_LEVEL = "-Onone";
			};
			name = Debug;
		};
		7F09C0DE2768CD510066438D /* Release */ = {
			isa = XCBuildConfiguration;
			buildSettings = {
				ALWAYS_SEARCH_USER_PATHS = NO;
				CLANG_ANALYZER_NONNULL = YES;
				CLANG_ANALYZER_NUMBER_OBJECT_CONVERSION = YES_AGGRESSIVE;
				CLANG_CXX_LANGUAGE_STANDARD = "gnu++17";
				CLANG_CXX_LIBRARY = "libc++";
				CLANG_ENABLE_MODULES = YES;
				CLANG_ENABLE_OBJC_ARC = YES;
				CLANG_ENABLE_OBJC_WEAK = YES;
				CLANG_WARN_BLOCK_CAPTURE_AUTORELEASING = YES;
				CLANG_WARN_BOOL_CONVERSION = YES;
				CLANG_WARN_COMMA = YES;
				CLANG_WARN_CONSTANT_CONVERSION = YES;
				CLANG_WARN_DEPRECATED_OBJC_IMPLEMENTATIONS = YES;
				CLANG_WARN_DIRECT_OBJC_ISA_USAGE = YES_ERROR;
				CLANG_WARN_DOCUMENTATION_COMMENTS = YES;
				CLANG_WARN_EMPTY_BODY = YES;
				CLANG_WARN_ENUM_CONVERSION = YES;
				CLANG_WARN_INFINITE_RECURSION = YES;
				CLANG_WARN_INT_CONVERSION = YES;
				CLANG_WARN_NON_LITERAL_NULL_CONVERSION = YES;
				CLANG_WARN_OBJC_IMPLICIT_RETAIN_SELF = YES;
				CLANG_WARN_OBJC_LITERAL_CONVERSION = YES;
				CLANG_WARN_OBJC_ROOT_CLASS = YES_ERROR;
				CLANG_WARN_QUOTED_INCLUDE_IN_FRAMEWORK_HEADER = YES;
				CLANG_WARN_RANGE_LOOP_ANALYSIS = YES;
				CLANG_WARN_STRICT_PROTOTYPES = YES;
				CLANG_WARN_SUSPICIOUS_MOVE = YES;
				CLANG_WARN_UNGUARDED_AVAILABILITY = YES_AGGRESSIVE;
				CLANG_WARN_UNREACHABLE_CODE = YES;
				CLANG_WARN__DUPLICATE_METHOD_MATCH = YES;
				COPY_PHASE_STRIP = NO;
				DEBUG_INFORMATION_FORMAT = "dwarf-with-dsym";
				ENABLE_NS_ASSERTIONS = NO;
				ENABLE_STRICT_OBJC_MSGSEND = YES;
				GCC_C_LANGUAGE_STANDARD = gnu11;
				GCC_NO_COMMON_BLOCKS = YES;
				GCC_WARN_64_TO_32_BIT_CONVERSION = YES;
				GCC_WARN_ABOUT_RETURN_TYPE = YES_ERROR;
				GCC_WARN_UNDECLARED_SELECTOR = YES;
				GCC_WARN_UNINITIALIZED_AUTOS = YES_AGGRESSIVE;
				GCC_WARN_UNUSED_FUNCTION = YES;
				GCC_WARN_UNUSED_VARIABLE = YES;
				IPHONEOS_DEPLOYMENT_TARGET = 15.0;
				MTL_ENABLE_DEBUG_INFO = NO;
				MTL_FAST_MATH = YES;
				SDKROOT = iphoneos;
				SWIFT_COMPILATION_MODE = wholemodule;
				SWIFT_OPTIMIZATION_LEVEL = "-O";
				VALIDATE_PRODUCT = YES;
			};
			name = Release;
		};
		7F09C0E02768CD510066438D /* Debug */ = {
			isa = XCBuildConfiguration;
			buildSettings = {
				ASSETCATALOG_COMPILER_APPICON_NAME = AppIcon;
				ASSETCATALOG_COMPILER_GLOBAL_ACCENT_COLOR_NAME = AccentColor;
				CODE_SIGN_STYLE = Automatic;
				CURRENT_PROJECT_VERSION = 1;
				DEVELOPMENT_ASSET_PATHS = "\"DreamOperation/Preview Content\"";
				DEVELOPMENT_TEAM = DN9W3Q5C4K;
				ENABLE_PREVIEWS = YES;
				GENERATE_INFOPLIST_FILE = YES;
				INFOPLIST_KEY_UIApplicationSceneManifest_Generation = YES;
				INFOPLIST_KEY_UIApplicationSupportsIndirectInputEvents = YES;
				INFOPLIST_KEY_UILaunchScreen_Generation = YES;
				INFOPLIST_KEY_UISupportedInterfaceOrientations = "UIInterfaceOrientationLandscapeRight UIInterfaceOrientationLandscapeLeft";
				INFOPLIST_KEY_UISupportedInterfaceOrientations_iPad = "UIInterfaceOrientationPortrait UIInterfaceOrientationPortraitUpsideDown UIInterfaceOrientationLandscapeLeft UIInterfaceOrientationLandscapeRight";
				INFOPLIST_KEY_UISupportedInterfaceOrientations_iPhone = "UIInterfaceOrientationPortrait UIInterfaceOrientationLandscapeLeft UIInterfaceOrientationLandscapeRight";
				IPHONEOS_DEPLOYMENT_TARGET = 14.0;
				LD_RUNPATH_SEARCH_PATHS = (
					"$(inherited)",
					"@executable_path/Frameworks",
				);
				MARKETING_VERSION = 1.0;
				PRODUCT_BUNDLE_IDENTIFIER = jp.ac.jec.cm.DreamOperation;
				PRODUCT_NAME = "$(TARGET_NAME)";
				SWIFT_EMIT_LOC_STRINGS = YES;
				SWIFT_VERSION = 5.0;
				TARGETED_DEVICE_FAMILY = "1,2";
			};
			name = Debug;
		};
		7F09C0E12768CD510066438D /* Release */ = {
			isa = XCBuildConfiguration;
			buildSettings = {
				ASSETCATALOG_COMPILER_APPICON_NAME = AppIcon;
				ASSETCATALOG_COMPILER_GLOBAL_ACCENT_COLOR_NAME = AccentColor;
				CODE_SIGN_STYLE = Automatic;
				CURRENT_PROJECT_VERSION = 1;
				DEVELOPMENT_ASSET_PATHS = "\"DreamOperation/Preview Content\"";
				DEVELOPMENT_TEAM = DN9W3Q5C4K;
				ENABLE_PREVIEWS = YES;
				GENERATE_INFOPLIST_FILE = YES;
				INFOPLIST_KEY_UIApplicationSceneManifest_Generation = YES;
				INFOPLIST_KEY_UIApplicationSupportsIndirectInputEvents = YES;
				INFOPLIST_KEY_UILaunchScreen_Generation = YES;
				INFOPLIST_KEY_UISupportedInterfaceOrientations = "UIInterfaceOrientationLandscapeRight UIInterfaceOrientationLandscapeLeft";
				INFOPLIST_KEY_UISupportedInterfaceOrientations_iPad = "UIInterfaceOrientationPortrait UIInterfaceOrientationPortraitUpsideDown UIInterfaceOrientationLandscapeLeft UIInterfaceOrientationLandscapeRight";
				INFOPLIST_KEY_UISupportedInterfaceOrientations_iPhone = "UIInterfaceOrientationPortrait UIInterfaceOrientationLandscapeLeft UIInterfaceOrientationLandscapeRight";
				IPHONEOS_DEPLOYMENT_TARGET = 14.0;
				LD_RUNPATH_SEARCH_PATHS = (
					"$(inherited)",
					"@executable_path/Frameworks",
				);
				MARKETING_VERSION = 1.0;
				PRODUCT_BUNDLE_IDENTIFIER = jp.ac.jec.cm.DreamOperation;
				PRODUCT_NAME = "$(TARGET_NAME)";
				SWIFT_EMIT_LOC_STRINGS = YES;
				SWIFT_VERSION = 5.0;
				TARGETED_DEVICE_FAMILY = "1,2";
			};
			name = Release;
		};
/* End XCBuildConfiguration section */

/* Begin XCConfigurationList section */
		7F09C0CC2768CD4C0066438D /* Build configuration list for PBXProject "DreamOperation" */ = {
			isa = XCConfigurationList;
			buildConfigurations = (
				7F09C0DD2768CD510066438D /* Debug */,
				7F09C0DE2768CD510066438D /* Release */,
			);
			defaultConfigurationIsVisible = 0;
			defaultConfigurationName = Release;
		};
		7F09C0DF2768CD510066438D /* Build configuration list for PBXNativeTarget "DreamOperation" */ = {
			isa = XCConfigurationList;
			buildConfigurations = (
				7F09C0E02768CD510066438D /* Debug */,
				7F09C0E12768CD510066438D /* Release */,
			);
			defaultConfigurationIsVisible = 0;
			defaultConfigurationName = Release;
		};
/* End XCConfigurationList section */
	};
	rootObject = 7F09C0C92768CD4C0066438D /* Project object */;
}
